
Microsoft Visual Studio Solution File, Format Version 12.00
# Visual Studio Version 17
VisualStudioVersion = 17.2.32630.192
MinimumVisualStudioVersion = 10.0.40219.1
Project("{FAE04EC0-301F-11D3-BF4B-00C04F79EFBC}") = "PracticeAPIFront", "PracticeAPIFront.csproj", "{C6CF0BCB-9936-48EB-8E8E-3F508EC926FF}"
EndProject
Global
	GlobalSection(SolutionConfigurationPlatforms) = preSolution
		Debug|Any CPU = Debug|Any CPU
		Release|Any CPU = Release|Any CPU
	EndGlobalSection
	GlobalSection(ProjectConfigurationPlatforms) = postSolution
		{C6CF0BCB-9936-48EB-8E8E-3F508EC926FF}.Debug|Any CPU.ActiveCfg = Debug|Any CPU
		{C6CF0BCB-9936-48EB-8E8E-3F508EC926FF}.Debug|Any CPU.Build.0 = Debug|Any CPU
		{C6CF0BCB-9936-48EB-8E8E-3F508EC926FF}.Release|Any CPU.ActiveCfg = Release|Any CPU
		{C6CF0BCB-9936-48EB-8E8E-3F508EC926FF}.Release|Any CPU.Build.0 = Release|Any CPU
	EndGlobalSection
	GlobalSection(SolutionProperties) = preSolution
		HideSolutionNode = FALSE
	EndGlobalSection
	GlobalSection(ExtensibilityGlobals) = postSolution
		SolutionGuid = {AE7B92B8-1B45-476B-BC3E-DAEEB20031E0}
	EndGlobalSection
EndGlobal
